
Microsoft Visual Studio Solution File, Format Version 12.00
# Visual Studio Version 16
VisualStudioVersion = 16.0.30204.135
MinimumVisualStudioVersion = 10.0.40219.1
Project("{FAE04EC0-301F-11D3-BF4B-00C04F79EFBC}") = "APIsparn", "APIsparn\APIsparn.csproj", "{08B41D42-3730-42FA-85C7-2AA1E4985AC2}"
EndProject
Global
	GlobalSection(SolutionConfigurationPlatforms) = preSolution
		Debug|Any CPU = Debug|Any CPU
		Release|Any CPU = Release|Any CPU
	EndGlobalSection
	GlobalSection(ProjectConfigurationPlatforms) = postSolution
		{08B41D42-3730-42FA-85C7-2AA1E4985AC2}.Debug|Any CPU.ActiveCfg = Debug|Any CPU
		{08B41D42-3730-42FA-85C7-2AA1E4985AC2}.Debug|Any CPU.Build.0 = Debug|Any CPU
		{08B41D42-3730-42FA-85C7-2AA1E4985AC2}.Release|Any CPU.ActiveCfg = Release|Any CPU
		{08B41D42-3730-42FA-85C7-2AA1E4985AC2}.Release|Any CPU.Build.0 = Release|Any CPU
	EndGlobalSection
	GlobalSection(SolutionProperties) = preSolution
		HideSolutionNode = FALSE
	EndGlobalSection
	GlobalSection(ExtensibilityGlobals) = postSolution
		SolutionGuid = {0FC002F7-2554-412F-9907-8B3BE70874CF}
	EndGlobalSection
EndGlobal
